
Microsoft Visual Studio Solution File, Format Version 12.00
# Visual Studio Version 16
VisualStudioVersion = 16.0.32602.291
MinimumVisualStudioVersion = 10.0.40219.1
Project("{FAE04EC0-301F-11D3-BF4B-00C04F79EFBC}") = "HospitalBillingProj", "HospitalBillingProj\HospitalBillingProj.csproj", "{DE953CDF-B084-4547-B3B4-6A673F58ED8C}"
EndProject
Global
	GlobalSection(SolutionConfigurationPlatforms) = preSolution
		Debug|Any CPU = Debug|Any CPU
		Release|Any CPU = Release|Any CPU
	EndGlobalSection
	GlobalSection(ProjectConfigurationPlatforms) = postSolution
		{DE953CDF-B084-4547-B3B4-6A673F58ED8C}.Debug|Any CPU.ActiveCfg = Debug|Any CPU
		{DE953CDF-B084-4547-B3B4-6A673F58ED8C}.Debug|Any CPU.Build.0 = Debug|Any CPU
		{DE953CDF-B084-4547-B3B4-6A673F58ED8C}.Release|Any CPU.ActiveCfg = Release|Any CPU
		{DE953CDF-B084-4547-B3B4-6A673F58ED8C}.Release|Any CPU.Build.0 = Release|Any CPU
	EndGlobalSection
	GlobalSection(SolutionProperties) = preSolution
		HideSolutionNode = FALSE
	EndGlobalSection
	GlobalSection(ExtensibilityGlobals) = postSolution
		SolutionGuid = {D6E6B4FC-F300-48BD-A5A0-A2DBDD7887C8}
	EndGlobalSection
EndGlobal
